
Microsoft Visual Studio Solution File, Format Version 12.00
# Visual Studio Version 17
VisualStudioVersion = 17.5.33530.505
MinimumVisualStudioVersion = 10.0.40219.1
Project("{9A19103F-16F7-4668-BE54-9A1E7A4F7556}") = "BulkyWeb 1.0", "BulkyWeb 1.0\BulkyWeb 1.0.csproj", "{983899F7-C334-4A94-8BA8-96F62D4465EC}"
EndProject
Project("{9A19103F-16F7-4668-BE54-9A1E7A4F7556}") = "AuthenAndAutho", "AuthenAndAutho\AuthenAndAutho.csproj", "{CE106529-A366-4783-BA2A-917C316DB701}"
EndProject
Global
	GlobalSection(SolutionConfigurationPlatforms) = preSolution
		Debug|Any CPU = Debug|Any CPU
		Release|Any CPU = Release|Any CPU
	EndGlobalSection
	GlobalSection(ProjectConfigurationPlatforms) = postSolution
		{983899F7-C334-4A94-8BA8-96F62D4465EC}.Debug|Any CPU.ActiveCfg = Debug|Any CPU
		{983899F7-C334-4A94-8BA8-96F62D4465EC}.Debug|Any CPU.Build.0 = Debug|Any CPU
		{983899F7-C334-4A94-8BA8-96F62D4465EC}.Release|Any CPU.ActiveCfg = Release|Any CPU
		{983899F7-C334-4A94-8BA8-96F62D4465EC}.Release|Any CPU.Build.0 = Release|Any CPU
		{CE106529-A366-4783-BA2A-917C316DB701}.Debug|Any CPU.ActiveCfg = Debug|Any CPU
		{CE106529-A366-4783-BA2A-917C316DB701}.Debug|Any CPU.Build.0 = Debug|Any CPU
		{CE106529-A366-4783-BA2A-917C316DB701}.Release|Any CPU.ActiveCfg = Release|Any CPU
		{CE106529-A366-4783-BA2A-917C316DB701}.Release|Any CPU.Build.0 = Release|Any CPU
	EndGlobalSection
	GlobalSection(SolutionProperties) = preSolution
		HideSolutionNode = FALSE
	EndGlobalSection
	GlobalSection(ExtensibilityGlobals) = postSolution
		SolutionGuid = {D5483069-8F33-4E94-BBCF-83553D243EB1}
	EndGlobalSection
EndGlobal
